
Microsoft Visual Studio Solution File, Format Version 12.00
# Visual Studio 15
VisualStudioVersion = 15.0.28307.779
MinimumVisualStudioVersion = 10.0.40219.1
Project("{8BC9CEB8-8B4A-11D0-8D11-00A0C91BC942}") = "ProjLib", "ProjLib\ProjLib.vcxproj", "{BB0DFBB3-D656-40A8-B6CB-D526D92D7F52}"
EndProject
Project("{8BC9CEB8-8B4A-11D0-8D11-00A0C91BC942}") = "ProjDll", "ProjDll\ProjDll.vcxproj", "{00027FC1-C715-4F05-96C2-EB17DB0EAB20}"
	ProjectSection(ProjectDependencies) = postProject
		{BB0DFBB3-D656-40A8-B6CB-D526D92D7F52} = {BB0DFBB3-D656-40A8-B6CB-D526D92D7F52}
	EndProjectSection
EndProject
Project("{2150E333-8FDC-42A3-9474-1A3956D46DE8}") = "Tests", "Tests", "{7499A9AF-0DBC-40A8-ADBD-304AAC49AC00}"
EndProject
Project("{2150E333-8FDC-42A3-9474-1A3956D46DE8}") = "Tools", "Tools", "{641DA0EC-4BDC-4B31-BF40-D93D49C30965}"
EndProject
Project("{8BC9CEB8-8B4A-11D0-8D11-00A0C91BC942}") = "binproj", "binproj\binproj.vcxproj", "{B12702AD-ABFB-343A-A199-8E24837244A3}"
EndProject
Project("{8BC9CEB8-8B4A-11D0-8D11-00A0C91BC942}") = "binprojinfo", "binprojinfo\binprojinfo.vcxproj", "{DE6915F2-759C-4799-B6BA-DE43C1115A9A}"
EndProject
Project("{8BC9CEB8-8B4A-11D0-8D11-00A0C91BC942}") = "cct", "cct\cct.vcxproj", "{61404B33-96F7-4DF5-A9EB-99B3248887C4}"
EndProject
Project("{8BC9CEB8-8B4A-11D0-8D11-00A0C91BC942}") = "cc2cs", "cc2cs\cc2cs.vcxproj", "{AA6D1B52-F811-4496-8A0D-C5392681B6D1}"
EndProject
Project("{8BC9CEB8-8B4A-11D0-8D11-00A0C91BC942}") = "gie", "gie\gie.vcxproj", "{4F288350-CE15-423F-A057-1490DBC03569}"
EndProject
Project("{8BC9CEB8-8B4A-11D0-8D11-00A0C91BC942}") = "geod", "geod\geod.vcxproj", "{3A70660C-2BC7-4E4F-9335-3FFC3B69B6FC}"
EndProject
Project("{8BC9CEB8-8B4A-11D0-8D11-00A0C91BC942}") = "geod_test", "geod_test\geod_test.vcxproj", "{644C6A8B-78E7-4642-A224-198EF3192A81}"
EndProject
Global
	GlobalSection(SolutionConfigurationPlatforms) = preSolution
		Debug|x64 = Debug|x64
		Release|x64 = Release|x64
	EndGlobalSection
	GlobalSection(ProjectConfigurationPlatforms) = postSolution
		{BB0DFBB3-D656-40A8-B6CB-D526D92D7F52}.Debug|x64.ActiveCfg = Debug|x64
		{BB0DFBB3-D656-40A8-B6CB-D526D92D7F52}.Debug|x64.Build.0 = Debug|x64
		{BB0DFBB3-D656-40A8-B6CB-D526D92D7F52}.Release|x64.ActiveCfg = Release|x64
		{BB0DFBB3-D656-40A8-B6CB-D526D92D7F52}.Release|x64.Build.0 = Release|x64
		{00027FC1-C715-4F05-96C2-EB17DB0EAB20}.Debug|x64.ActiveCfg = Debug|x64
		{00027FC1-C715-4F05-96C2-EB17DB0EAB20}.Debug|x64.Build.0 = Debug|x64
		{00027FC1-C715-4F05-96C2-EB17DB0EAB20}.Release|x64.ActiveCfg = Release|x64
		{00027FC1-C715-4F05-96C2-EB17DB0EAB20}.Release|x64.Build.0 = Release|x64
		{B12702AD-ABFB-343A-A199-8E24837244A3}.Debug|x64.ActiveCfg = Debug|x64
		{B12702AD-ABFB-343A-A199-8E24837244A3}.Debug|x64.Build.0 = Debug|x64
		{B12702AD-ABFB-343A-A199-8E24837244A3}.Release|x64.ActiveCfg = Release|x64
		{B12702AD-ABFB-343A-A199-8E24837244A3}.Release|x64.Build.0 = Release|x64
		{DE6915F2-759C-4799-B6BA-DE43C1115A9A}.Debug|x64.ActiveCfg = Debug|x64
		{DE6915F2-759C-4799-B6BA-DE43C1115A9A}.Debug|x64.Build.0 = Debug|x64
		{DE6915F2-759C-4799-B6BA-DE43C1115A9A}.Release|x64.ActiveCfg = Release|x64
		{DE6915F2-759C-4799-B6BA-DE43C1115A9A}.Release|x64.Build.0 = Release|x64
		{61404B33-96F7-4DF5-A9EB-99B3248887C4}.Debug|x64.ActiveCfg = Debug|x64
		{61404B33-96F7-4DF5-A9EB-99B3248887C4}.Debug|x64.Build.0 = Debug|x64
		{61404B33-96F7-4DF5-A9EB-99B3248887C4}.Release|x64.ActiveCfg = Release|x64
		{61404B33-96F7-4DF5-A9EB-99B3248887C4}.Release|x64.Build.0 = Release|x64
		{AA6D1B52-F811-4496-8A0D-C5392681B6D1}.Debug|x64.ActiveCfg = Debug|x64
		{AA6D1B52-F811-4496-8A0D-C5392681B6D1}.Debug|x64.Build.0 = Debug|x64
		{AA6D1B52-F811-4496-8A0D-C5392681B6D1}.Release|x64.ActiveCfg = Release|x64
		{AA6D1B52-F811-4496-8A0D-C5392681B6D1}.Release|x64.Build.0 = Release|x64
		{4F288350-CE15-423F-A057-1490DBC03569}.Debug|x64.ActiveCfg = Debug|x64
		{4F288350-CE15-423F-A057-1490DBC03569}.Debug|x64.Build.0 = Debug|x64
		{4F288350-CE15-423F-A057-1490DBC03569}.Release|x64.ActiveCfg = Release|x64
		{4F288350-CE15-423F-A057-1490DBC03569}.Release|x64.Build.0 = Release|x64
		{3A70660C-2BC7-4E4F-9335-3FFC3B69B6FC}.Debug|x64.ActiveCfg = Debug|x64
		{3A70660C-2BC7-4E4F-9335-3FFC3B69B6FC}.Debug|x64.Build.0 = Debug|x64
		{3A70660C-2BC7-4E4F-9335-3FFC3B69B6FC}.Release|x64.ActiveCfg = Release|x64
		{3A70660C-2BC7-4E4F-9335-3FFC3B69B6FC}.Release|x64.Build.0 = Release|x64
		{644C6A8B-78E7-4642-A224-198EF3192A81}.Debug|x64.ActiveCfg = Debug|x64
		{644C6A8B-78E7-4642-A224-198EF3192A81}.Debug|x64.Build.0 = Debug|x64
		{644C6A8B-78E7-4642-A224-198EF3192A81}.Release|x64.ActiveCfg = Release|x64
		{644C6A8B-78E7-4642-A224-198EF3192A81}.Release|x64.Build.0 = Release|x64
	EndGlobalSection
	GlobalSection(SolutionProperties) = preSolution
		HideSolutionNode = FALSE
	EndGlobalSection
	GlobalSection(NestedProjects) = preSolution
		{B12702AD-ABFB-343A-A199-8E24837244A3} = {641DA0EC-4BDC-4B31-BF40-D93D49C30965}
		{DE6915F2-759C-4799-B6BA-DE43C1115A9A} = {641DA0EC-4BDC-4B31-BF40-D93D49C30965}
		{61404B33-96F7-4DF5-A9EB-99B3248887C4} = {641DA0EC-4BDC-4B31-BF40-D93D49C30965}
		{AA6D1B52-F811-4496-8A0D-C5392681B6D1} = {641DA0EC-4BDC-4B31-BF40-D93D49C30965}
		{4F288350-CE15-423F-A057-1490DBC03569} = {641DA0EC-4BDC-4B31-BF40-D93D49C30965}
		{3A70660C-2BC7-4E4F-9335-3FFC3B69B6FC} = {641DA0EC-4BDC-4B31-BF40-D93D49C30965}
		{644C6A8B-78E7-4642-A224-198EF3192A81} = {7499A9AF-0DBC-40A8-ADBD-304AAC49AC00}
	EndGlobalSection
	GlobalSection(ExtensibilityGlobals) = postSolution
		SolutionGuid = {FA3EBCDF-4318-4A37-9920-5E9E883A513E}
	EndGlobalSection
EndGlobal
